
Microsoft Visual Studio Solution File, Format Version 12.00
# Visual Studio Version 17
VisualStudioVersion = 17.3.32922.545
MinimumVisualStudioVersion = 10.0.40219.1
Project("{9A19103F-16F7-4668-BE54-9A1E7A4F7556}") = "DropWebP", "DropWebP\DropWebP.csproj", "{C621B76F-EAA6-43BE-9636-99554DA0B64B}"
EndProject
Project("{C7167F0D-BC9F-4E6E-AFE1-012C56B48DB5}") = "DropWebP (Package)", "DropWebP (Package)\DropWebP (Package).wapproj", "{80A2D444-7696-4456-91B1-486B66984136}"
EndProject
Project("{2150E333-8FDC-42A3-9474-1A3956D46DE8}") = "Solution Items", "Solution Items", "{34BE3639-FF12-4B1B-821C-27E23CD4BF6E}"
	ProjectSection(SolutionItems) = preProject
		.editorconfig = .editorconfig
		.gitignore = .gitignore
		.gitmodules = .gitmodules
		appveyor.yml = appveyor.yml
		LICENSE = LICENSE
		ReadMe.md = ReadMe.md
		StyleCop.Analyzers.ruleset = StyleCop.Analyzers.ruleset
		stylecop.json = stylecop.json
	EndProjectSection
EndProject
Global
	GlobalSection(SolutionConfigurationPlatforms) = preSolution
		Debug|Any CPU = Debug|Any CPU
		Debug|ARM = Debug|ARM
		Debug|ARM64 = Debug|ARM64
		Debug|x64 = Debug|x64
		Debug|x86 = Debug|x86
		Release|Any CPU = Release|Any CPU
		Release|ARM = Release|ARM
		Release|ARM64 = Release|ARM64
		Release|x64 = Release|x64
		Release|x86 = Release|x86
	EndGlobalSection
	GlobalSection(ProjectConfigurationPlatforms) = postSolution
		{C621B76F-EAA6-43BE-9636-99554DA0B64B}.Debug|Any CPU.ActiveCfg = Debug|Any CPU
		{C621B76F-EAA6-43BE-9636-99554DA0B64B}.Debug|Any CPU.Build.0 = Debug|Any CPU
		{C621B76F-EAA6-43BE-9636-99554DA0B64B}.Debug|ARM.ActiveCfg = Debug|Any CPU
		{C621B76F-EAA6-43BE-9636-99554DA0B64B}.Debug|ARM.Build.0 = Debug|Any CPU
		{C621B76F-EAA6-43BE-9636-99554DA0B64B}.Debug|ARM64.ActiveCfg = Debug|Any CPU
		{C621B76F-EAA6-43BE-9636-99554DA0B64B}.Debug|ARM64.Build.0 = Debug|Any CPU
		{C621B76F-EAA6-43BE-9636-99554DA0B64B}.Debug|x64.ActiveCfg = Debug|x64
		{C621B76F-EAA6-43BE-9636-99554DA0B64B}.Debug|x64.Build.0 = Debug|x64
		{C621B76F-EAA6-43BE-9636-99554DA0B64B}.Debug|x86.ActiveCfg = Debug|x86
		{C621B76F-EAA6-43BE-9636-99554DA0B64B}.Debug|x86.Build.0 = Debug|x86
		{C621B76F-EAA6-43BE-9636-99554DA0B64B}.Release|Any CPU.ActiveCfg = Release|Any CPU
		{C621B76F-EAA6-43BE-9636-99554DA0B64B}.Release|Any CPU.Build.0 = Release|Any CPU
		{C621B76F-EAA6-43BE-9636-99554DA0B64B}.Release|ARM.ActiveCfg = Release|Any CPU
		{C621B76F-EAA6-43BE-9636-99554DA0B64B}.Release|ARM.Build.0 = Release|Any CPU
		{C621B76F-EAA6-43BE-9636-99554DA0B64B}.Release|ARM64.ActiveCfg = Release|Any CPU
		{C621B76F-EAA6-43BE-9636-99554DA0B64B}.Release|ARM64.Build.0 = Release|Any CPU
		{C621B76F-EAA6-43BE-9636-99554DA0B64B}.Release|x64.ActiveCfg = Release|x64
		{C621B76F-EAA6-43BE-9636-99554DA0B64B}.Release|x64.Build.0 = Release|x64
		{C621B76F-EAA6-43BE-9636-99554DA0B64B}.Release|x86.ActiveCfg = Release|x86
		{C621B76F-EAA6-43BE-9636-99554DA0B64B}.Release|x86.Build.0 = Release|x86
		{80A2D444-7696-4456-91B1-486B66984136}.Debug|Any CPU.ActiveCfg = Debug|Any CPU
		{80A2D444-7696-4456-91B1-486B66984136}.Debug|Any CPU.Build.0 = Debug|Any CPU
		{80A2D444-7696-4456-91B1-486B66984136}.Debug|Any CPU.Deploy.0 = Debug|Any CPU
		{80A2D444-7696-4456-91B1-486B66984136}.Debug|ARM.ActiveCfg = Debug|ARM
		{80A2D444-7696-4456-91B1-486B66984136}.Debug|ARM.Build.0 = Debug|ARM
		{80A2D444-7696-4456-91B1-486B66984136}.Debug|ARM.Deploy.0 = Debug|ARM
		{80A2D444-7696-4456-91B1-486B66984136}.Debug|ARM64.ActiveCfg = Debug|ARM64
		{80A2D444-7696-4456-91B1-486B66984136}.Debug|ARM64.Build.0 = Debug|ARM64
		{80A2D444-7696-4456-91B1-486B66984136}.Debug|ARM64.Deploy.0 = Debug|ARM64
		{80A2D444-7696-4456-91B1-486B66984136}.Debug|x64.ActiveCfg = Debug|x64
		{80A2D444-7696-4456-91B1-486B66984136}.Debug|x64.Build.0 = Debug|x64
		{80A2D444-7696-4456-91B1-486B66984136}.Debug|x64.Deploy.0 = Debug|x64
		{80A2D444-7696-4456-91B1-486B66984136}.Debug|x86.ActiveCfg = Debug|x86
		{80A2D444-7696-4456-91B1-486B66984136}.Debug|x86.Build.0 = Debug|x86
		{80A2D444-7696-4456-91B1-486B66984136}.Debug|x86.Deploy.0 = Debug|x86
		{80A2D444-7696-4456-91B1-486B66984136}.Release|Any CPU.ActiveCfg = Release|Any CPU
		{80A2D444-7696-4456-91B1-486B66984136}.Release|Any CPU.Build.0 = Release|Any CPU
		{80A2D444-7696-4456-91B1-486B66984136}.Release|Any CPU.Deploy.0 = Release|Any CPU
		{80A2D444-7696-4456-91B1-486B66984136}.Release|ARM.ActiveCfg = Release|ARM
		{80A2D444-7696-4456-91B1-486B66984136}.Release|ARM.Build.0 = Release|ARM
		{80A2D444-7696-4456-91B1-486B66984136}.Release|ARM.Deploy.0 = Release|ARM
		{80A2D444-7696-4456-91B1-486B66984136}.Release|ARM64.ActiveCfg = Release|ARM64
		{80A2D444-7696-4456-91B1-486B66984136}.Release|ARM64.Build.0 = Release|ARM64
		{80A2D444-7696-4456-91B1-486B66984136}.Release|ARM64.Deploy.0 = Release|ARM64
		{80A2D444-7696-4456-91B1-486B66984136}.Release|x64.ActiveCfg = Release|x64
		{80A2D444-7696-4456-91B1-486B66984136}.Release|x64.Build.0 = Release|x64
		{80A2D444-7696-4456-91B1-486B66984136}.Release|x64.Deploy.0 = Release|x64
		{80A2D444-7696-4456-91B1-486B66984136}.Release|x86.ActiveCfg = Release|x86
		{80A2D444-7696-4456-91B1-486B66984136}.Release|x86.Build.0 = Release|x86
		{80A2D444-7696-4456-91B1-486B66984136}.Release|x86.Deploy.0 = Release|x86
	EndGlobalSection
	GlobalSection(SolutionProperties) = preSolution
		HideSolutionNode = FALSE
	EndGlobalSection
	GlobalSection(ExtensibilityGlobals) = postSolution
		SolutionGuid = {C81D28D1-A1B6-4D9A-B1E1-7BE58973A7BD}
	EndGlobalSection
EndGlobal
